
Microsoft Visual Studio Solution File, Format Version 10.00
# Visual Studio 2008
Project("{FAE04EC0-301F-11D3-BF4B-00C04F79EFBC}") = "SiteMapper", "SiteMapper\SiteMapper.csproj", "{DE4FEA7D-8A11-4AE2-8FE6-D01B9C2349B0}"
EndProject
Global
	GlobalSection(SolutionConfigurationPlatforms) = preSolution
		Debug|Any CPU = Debug|Any CPU
		Release|Any CPU = Release|Any CPU
	EndGlobalSection
	GlobalSection(ProjectConfigurationPlatforms) = postSolution
		{DE4FEA7D-8A11-4AE2-8FE6-D01B9C2349B0}.Debug|Any CPU.ActiveCfg = Debug|Any CPU
		{DE4FEA7D-8A11-4AE2-8FE6-D01B9C2349B0}.Debug|Any CPU.Build.0 = Debug|Any CPU
		{DE4FEA7D-8A11-4AE2-8FE6-D01B9C2349B0}.Release|Any CPU.ActiveCfg = Release|Any CPU
		{DE4FEA7D-8A11-4AE2-8FE6-D01B9C2349B0}.Release|Any CPU.Build.0 = Release|Any CPU
	EndGlobalSection
	GlobalSection(SolutionProperties) = preSolution
		HideSolutionNode = FALSE
	EndGlobalSection
EndGlobal
